
Microsoft Visual Studio Solution File, Format Version 12.00
# Visual Studio Version 17
VisualStudioVersion = 17.7.34202.233
MinimumVisualStudioVersion = 10.0.40219.1
Project("{FAE04EC0-301F-11D3-BF4B-00C04F79EFBC}") = "x", "x\x.csproj", "{292FA324-AC53-4244-8644-08D4D935C1EB}"
EndProject
Global
	GlobalSection(SolutionConfigurationPlatforms) = preSolution
		Debug|Any CPU = Debug|Any CPU
		Release|Any CPU = Release|Any CPU
	EndGlobalSection
	GlobalSection(ProjectConfigurationPlatforms) = postSolution
		{292FA324-AC53-4244-8644-08D4D935C1EB}.Debug|Any CPU.ActiveCfg = Debug|Any CPU
		{292FA324-AC53-4244-8644-08D4D935C1EB}.Debug|Any CPU.Build.0 = Debug|Any CPU
		{292FA324-AC53-4244-8644-08D4D935C1EB}.Release|Any CPU.ActiveCfg = Release|Any CPU
		{292FA324-AC53-4244-8644-08D4D935C1EB}.Release|Any CPU.Build.0 = Release|Any CPU
	EndGlobalSection
	GlobalSection(SolutionProperties) = preSolution
		HideSolutionNode = FALSE
	EndGlobalSection
	GlobalSection(ExtensibilityGlobals) = postSolution
		SolutionGuid = {DA0317B0-B25D-4304-A38C-8FCB4B1930D8}
	EndGlobalSection
EndGlobal
